// !$*UTF8*$!
{
	archiveVersion = 1;
	classes = {
	};
	objectVersion = 56;
	objects = {

/* Begin PBXBuildFile section */
		F1C1A9F32B069621006283E0 /* AppDelegate.m in Sources */ = {isa = PBXBuildFile; fileRef = F1C1A9F22B069621006283E0 /* AppDelegate.m */; };
		F1C1A9F62B069621006283E0 /* SceneDelegate.m in Sources */ = {isa = PBXBuildFile; fileRef = F1C1A9F52B069621006283E0 /* SceneDelegate.m */; };
		F1C1A9F92B069621006283E0 /* ViewController.m in Sources */ = {isa = PBXBuildFile; fileRef = F1C1A9F82B069621006283E0 /* ViewController.m */; };
		F1C1A9FC2B069621006283E0 /* Main.storyboard in Resources */ = {isa = PBXBuildFile; fileRef = F1C1A9FA2B069621006283E0 /* Main.storyboard */; };
		F1C1A9FE2B069622006283E0 /* Assets.xcassets in Resources */ = {isa = PBXBuildFile; fileRef = F1C1A9FD2B069622006283E0 /* Assets.xcassets */; };
		F1C1AA012B069622006283E0 /* LaunchScreen.storyboard in Resources */ = {isa = PBXBuildFile; fileRef = F1C1A9FF2B069622006283E0 /* LaunchScreen.storyboard */; };
		F1C1AA042B069622006283E0 /* main.m in Sources */ = {isa = PBXBuildFile; fileRef = F1C1AA032B069622006283E0 /* main.m */; };
		F1C1AA0E2B069623006283E0 /* smobilne6Tests.m in Sources */ = {isa = PBXBuildFile; fileRef = F1C1AA0D2B069623006283E0 /* smobilne6Tests.m */; };
		F1C1AA182B069623006283E0 /* smobilne6UITests.m in Sources */ = {isa = PBXBuildFile; fileRef = F1C1AA172B069623006283E0 /* smobilne6UITests.m */; };
		F1C1AA1A2B069623006283E0 /* smobilne6UITestsLaunchTests.m in Sources */ = {isa = PBXBuildFile; fileRef = F1C1AA192B069623006283E0 /* smobilne6UITestsLaunchTests.m */; };
		F1C1AA2A2B0699D0006283E0 /* Localizable.strings in Resources */ = {isa = PBXBuildFile; fileRef = F1C1AA2C2B0699D0006283E0 /* Localizable.strings */; };
/* End PBXBuildFile section */

/* Begin PBXContainerItemProxy section */
		F1C1AA0A2B069623006283E0 /* PBXContainerItemProxy */ = {
			isa = PBXContainerItemProxy;
			containerPortal = F1C1A9E62B069621006283E0 /* Project object */;
			proxyType = 1;
			remoteGlobalIDString = F1C1A9ED2B069621006283E0;
			remoteInfo = smobilne6;
		};
		F1C1AA142B069623006283E0 /* PBXContainerItemProxy */ = {
			isa = PBXContainerItemProxy;
			containerPortal = F1C1A9E62B069621006283E0 /* Project object */;
			proxyType = 1;
			remoteGlobalIDString = F1C1A9ED2B069621006283E0;
			remoteInfo = smobilne6;
		};
/* End PBXContainerItemProxy section */

/* Begin PBXFileReference section */
		F1C1A9EE2B069621006283E0 /* smobilne6.app */ = {isa = PBXFileReference; explicitFileType = wrapper.application; includeInIndex = 0; path = smobilne6.app; sourceTree = BUILT_PRODUCTS_DIR; };
		F1C1A9F12B069621006283E0 /* AppDelegate.h */ = {isa = PBXFileReference; lastKnownFileType = sourcecode.c.h; path = AppDelegate.h; sourceTree = "<group>"; };
		F1C1A9F22B069621006283E0 /* AppDelegate.m */ = {isa = PBXFileReference; lastKnownFileType = sourcecode.c.objc; path = AppDelegate.m; sourceTree = "<group>"; };
		F1C1A9F42B069621006283E0 /* SceneDelegate.h */ = {isa = PBXFileReference; lastKnownFileType = sourcecode.c.h; path = SceneDelegate.h; sourceTree = "<group>"; };
		F1C1A9F52B069621006283E0 /* SceneDelegate.m */ = {isa = PBXFileReference; lastKnownFileType = sourcecode.c.objc; path = SceneDelegate.m; sourceTree = "<group>"; };
		F1C1A9F72B069621006283E0 /* ViewController.h */ = {isa = PBXFileReference; lastKnownFileType = sourcecode.c.h; path = ViewController.h; sourceTree = "<group>"; };
		F1C1A9F82B069621006283E0 /* ViewController.m */ = {isa = PBXFileReference; lastKnownFileType = sourcecode.c.objc; path = ViewController.m; sourceTree = "<group>"; };
		F1C1A9FB2B069621006283E0 /* Base */ = {isa = PBXFileReference; lastKnownFileType = file.storyboard; name = Base; path = Base.lproj/Main.storyboard; sourceTree = "<group>"; };
		F1C1A9FD2B069622006283E0 /* Assets.xcassets */ = {isa = PBXFileReference; lastKnownFileType = folder.assetcatalog; path = Assets.xcassets; sourceTree = "<group>"; };
		F1C1AA002B069622006283E0 /* Base */ = {isa = PBXFileReference; lastKnownFileType = file.storyboard; name = Base; path = Base.lproj/LaunchScreen.storyboard; sourceTree = "<group>"; };
		F1C1AA022B069622006283E0 /* Info.plist */ = {isa = PBXFileReference; lastKnownFileType = text.plist.xml; path = Info.plist; sourceTree = "<group>"; };
		F1C1AA032B069622006283E0 /* main.m */ = {isa = PBXFileReference; lastKnownFileType = sourcecode.c.objc; path = main.m; sourceTree = "<group>"; };
		F1C1AA092B069623006283E0 /* smobilne6Tests.xctest */ = {isa = PBXFileReference; explicitFileType = wrapper.cfbundle; includeInIndex = 0; path = smobilne6Tests.xctest; sourceTree = BUILT_PRODUCTS_DIR; };
		F1C1AA0D2B069623006283E0 /* smobilne6Tests.m */ = {isa = PBXFileReference; lastKnownFileType = sourcecode.c.objc; path = smobilne6Tests.m; sourceTree = "<group>"; };
		F1C1AA132B069623006283E0 /* smobilne6UITests.xctest */ = {isa = PBXFileReference; explicitFileType = wrapper.cfbundle; includeInIndex = 0; path = smobilne6UITests.xctest; sourceTree = BUILT_PRODUCTS_DIR; };
		F1C1AA172B069623006283E0 /* smobilne6UITests.m */ = {isa = PBXFileReference; lastKnownFileType = sourcecode.c.objc; path = smobilne6UITests.m; sourceTree = "<group>"; };
		F1C1AA192B069623006283E0 /* smobilne6UITestsLaunchTests.m */ = {isa = PBXFileReference; lastKnownFileType = sourcecode.c.objc; path = smobilne6UITestsLaunchTests.m; sourceTree = "<group>"; };
		F1C1AA2D2B0699E0006283E0 /* pl */ = {isa = PBXFileReference; lastKnownFileType = text.plist.strings; name = pl; path = pl.lproj/Main.strings; sourceTree = "<group>"; };
		F1C1AA2E2B0699E0006283E0 /* pl */ = {isa = PBXFileReference; lastKnownFileType = text.plist.strings; name = pl; path = pl.lproj/LaunchScreen.strings; sourceTree = "<group>"; };
		F1C1AA2F2B0699E0006283E0 /* pl */ = {isa = PBXFileReference; lastKnownFileType = text.plist.strings; name = pl; path = pl.lproj/Localizable.strings; sourceTree = "<group>"; };
		F1C1AA322B06C257006283E0 /* en */ = {isa = PBXFileReference; lastKnownFileType = text.plist.strings; name = en; path = en.lproj/Localizable.strings; sourceTree = "<group>"; };
/* End PBXFileReference section */

/* Begin PBXFrameworksBuildPhase section */
		F1C1A9EB2B069621006283E0 /* Frameworks */ = {
			isa = PBXFrameworksBuildPhase;
			buildActionMask = 2147483647;
			files = (
			);
			runOnlyForDeploymentPostprocessing = 0;
		};
		F1C1AA062B069623006283E0 /* Frameworks */ = {
			isa = PBXFrameworksBuildPhase;
			buildActionMask = 2147483647;
			files = (
			);
			runOnlyForDeploymentPostprocessing = 0;
		};
		F1C1AA102B069623006283E0 /* Frameworks */ = {
			isa = PBXFrameworksBuildPhase;
			buildActionMask = 2147483647;
			files = (
			);
			runOnlyForDeploymentPostprocessing = 0;
		};
/* End PBXFrameworksBuildPhase section */

/* Begin PBXGroup section */
		F1C1A9E52B069621006283E0 = {
			isa = PBXGroup;
			children = (
				F1C1A9F02B069621006283E0 /* smobilne6 */,
				F1C1AA0C2B069623006283E0 /* smobilne6Tests */,
				F1C1AA162B069623006283E0 /* smobilne6UITests */,
				F1C1A9EF2B069621006283E0 /* Products */,
			);
			sourceTree = "<group>";
		};
		F1C1A9EF2B069621006283E0 /* Products */ = {
			isa = PBXGroup;
			children = (
				F1C1A9EE2B069621006283E0 /* smobilne6.app */,
				F1C1AA092B069623006283E0 /* smobilne6Tests.xctest */,
				F1C1AA132B069623006283E0 /* smobilne6UITests.xctest */,
			);
			name = Products;
			sourceTree = "<group>";
		};
		F1C1A9F02B069621006283E0 /* smobilne6 */ = {
			isa = PBXGroup;
			children = (
				F1C1A9F12B069621006283E0 /* AppDelegate.h */,
				F1C1A9F22B069621006283E0 /* AppDelegate.m */,
				F1C1A9F42B069621006283E0 /* SceneDelegate.h */,
				F1C1A9F52B069621006283E0 /* SceneDelegate.m */,
				F1C1A9F72B069621006283E0 /* ViewController.h */,
				F1C1A9F82B069621006283E0 /* ViewController.m */,
				F1C1A9FA2B069621006283E0 /* Main.storyboard */,
				F1C1A9FD2B069622006283E0 /* Assets.xcassets */,
				F1C1A9FF2B069622006283E0 /* LaunchScreen.storyboard */,
				F1C1AA022B069622006283E0 /* Info.plist */,
				F1C1AA032B069622006283E0 /* main.m */,
				F1C1AA2C2B0699D0006283E0 /* Localizable.strings */,
			);
			path = smobilne6;
			sourceTree = "<group>";
		};
		F1C1AA0C2B069623006283E0 /* smobilne6Tests */ = {
			isa = PBXGroup;
			children = (
				F1C1AA0D2B069623006283E0 /* smobilne6Tests.m */,
			);
			path = smobilne6Tests;
			sourceTree = "<group>";
		};
		F1C1AA162B069623006283E0 /* smobilne6UITests */ = {
			isa = PBXGroup;
			children = (
				F1C1AA172B069623006283E0 /* smobilne6UITests.m */,
				F1C1AA192B069623006283E0 /* smobilne6UITestsLaunchTests.m */,
			);
			path = smobilne6UITests;
			sourceTree = "<group>";
		};
/* End PBXGroup section */

/* Begin PBXNativeTarget section */
		F1C1A9ED2B069621006283E0 /* smobilne6 */ = {
			isa = PBXNativeTarget;
			buildConfigurationList = F1C1AA1D2B069623006283E0 /* Build configuration list for PBXNativeTarget "smobilne6" */;
			buildPhases = (
				F1C1A9EA2B069621006283E0 /* Sources */,
				F1C1A9EB2B069621006283E0 /* Frameworks */,
				F1C1A9EC2B069621006283E0 /* Resources */,
			);
			buildRules = (
			);
			dependencies = (
			);
			name = smobilne6;
			productName = smobilne6;
			productReference = F1C1A9EE2B069621006283E0 /* smobilne6.app */;
			productType = "com.apple.product-type.application";
		};
		F1C1AA082B069623006283E0 /* smobilne6Tests */ = {
			isa = PBXNativeTarget;
			buildConfigurationList = F1C1AA202B069623006283E0 /* Build configuration list for PBXNativeTarget "smobilne6Tests" */;
			buildPhases = (
				F1C1AA052B069623006283E0 /* Sources */,
				F1C1AA062B069623006283E0 /* Frameworks */,
				F1C1AA072B069623006283E0 /* Resources */,
			);
			buildRules = (
			);
			dependencies = (
				F1C1AA0B2B069623006283E0 /* PBXTargetDependency */,
			);
			name = smobilne6Tests;
			productName = smobilne6Tests;
			productReference = F1C1AA092B069623006283E0 /* smobilne6Tests.xctest */;
			productType = "com.apple.product-type.bundle.unit-test";
		};
		F1C1AA122B069623006283E0 /* smobilne6UITests */ = {
			isa = PBXNativeTarget;
			buildConfigurationList = F1C1AA232B069623006283E0 /* Build configuration list for PBXNativeTarget "smobilne6UITests" */;
			buildPhases = (
				F1C1AA0F2B069623006283E0 /* Sources */,
				F1C1AA102B069623006283E0 /* Frameworks */,
				F1C1AA112B069623006283E0 /* Resources */,
			);
			buildRules = (
			);
			dependencies = (
				F1C1AA152B069623006283E0 /* PBXTargetDependency */,
			);
			name = smobilne6UITests;
			productName = smobilne6UITests;
			productReference = F1C1AA132B069623006283E0 /* smobilne6UITests.xctest */;
			productType = "com.apple.product-type.bundle.ui-testing";
		};
/* End PBXNativeTarget section */

/* Begin PBXProject section */
		F1C1A9E62B069621006283E0 /* Project object */ = {
			isa = PBXProject;
			attributes = {
				BuildIndependentTargetsInParallel = 1;
				LastUpgradeCheck = 1500;
				TargetAttributes = {
					F1C1A9ED2B069621006283E0 = {
						CreatedOnToolsVersion = 15.0.1;
					};
					F1C1AA082B069623006283E0 = {
						CreatedOnToolsVersion = 15.0.1;
						TestTargetID = F1C1A9ED2B069621006283E0;
					};
					F1C1AA122B069623006283E0 = {
						CreatedOnToolsVersion = 15.0.1;
						TestTargetID = F1C1A9ED2B069621006283E0;
					};
				};
			};
			buildConfigurationList = F1C1A9E92B069621006283E0 /* Build configuration list for PBXProject "smobilne6" */;
			compatibilityVersion = "Xcode 14.0";
			developmentRegion = en;
			hasScannedForEncodings = 0;
			knownRegions = (
				en,
				Base,
				pl,
			);
			mainGroup = F1C1A9E52B069621006283E0;
			productRefGroup = F1C1A9EF2B069621006283E0 /* Products */;
			projectDirPath = "";
			projectRoot = "";
			targets = (
				F1C1A9ED2B069621006283E0 /* smobilne6 */,
				F1C1AA082B069623006283E0 /* smobilne6Tests */,
				F1C1AA122B069623006283E0 /* smobilne6UITests */,
			);
		};
/* End PBXProject section */

/* Begin PBXResourcesBuildPhase section */
		F1C1A9EC2B069621006283E0 /* Resources */ = {
			isa = PBXResourcesBuildPhase;
			buildActionMask = 2147483647;
			files = (
				F1C1AA012B069622006283E0 /* LaunchScreen.storyboard in Resources */,
				F1C1AA2A2B0699D0006283E0 /* Localizable.strings in Resources */,
				F1C1A9FE2B069622006283E0 /* Assets.xcassets in Resources */,
				F1C1A9FC2B069621006283E0 /* Main.storyboard in Resources */,
			);
			runOnlyForDeploymentPostprocessing = 0;
		};
		F1C1AA072B069623006283E0 /* Resources */ = {
			isa = PBXResourcesBuildPhase;
			buildActionMask = 2147483647;
			files = (
			);
			runOnlyForDeploymentPostprocessing = 0;
		};
		F1C1AA112B069623006283E0 /* Resources */ = {
			isa = PBXResourcesBuildPhase;
			buildActionMask = 2147483647;
			files = (
			);
			runOnlyForDeploymentPostprocessing = 0;
		};
/* End PBXResourcesBuildPhase section */

/* Begin PBXSourcesBuildPhase section */
		F1C1A9EA2B069621006283E0 /* Sources */ = {
			isa = PBXSourcesBuildPhase;
			buildActionMask = 2147483647;
			files = (
				F1C1A9F92B069621006283E0 /* ViewController.m in Sources */,
				F1C1A9F32B069621006283E0 /* AppDelegate.m in Sources */,
				F1C1AA042B069622006283E0 /* main.m in Sources */,
				F1C1A9F62B069621006283E0 /* SceneDelegate.m in Sources */,
			);
			runOnlyForDeploymentPostprocessing = 0;
		};
		F1C1AA052B069623006283E0 /* Sources */ = {
			isa = PBXSourcesBuildPhase;
			buildActionMask = 2147483647;
			files = (
				F1C1AA0E2B069623006283E0 /* smobilne6Tests.m in Sources */,
			);
			runOnlyForDeploymentPostprocessing = 0;
		};
		F1C1AA0F2B069623006283E0 /* Sources */ = {
			isa = PBXSourcesBuildPhase;
			buildActionMask = 2147483647;
			files = (
				F1C1AA1A2B069623006283E0 /* smobilne6UITestsLaunchTests.m in Sources */,
				F1C1AA182B069623006283E0 /* smobilne6UITests.m in Sources */,
			);
			runOnlyForDeploymentPostprocessing = 0;
		};
/* End PBXSourcesBuildPhase section */

/* Begin PBXTargetDependency section */
		F1C1AA0B2B069623006283E0 /* PBXTargetDependency */ = {
			isa = PBXTargetDependency;
			target = F1C1A9ED2B069621006283E0 /* smobilne6 */;
			targetProxy = F1C1AA0A2B069623006283E0 /* PBXContainerItemProxy */;
		};
		F1C1AA152B069623006283E0 /* PBXTargetDependency */ = {
			isa = PBXTargetDependency;
			target = F1C1A9ED2B069621006283E0 /* smobilne6 */;
			targetProxy = F1C1AA142B069623006283E0 /* PBXContainerItemProxy */;
		};
/* End PBXTargetDependency section */

/* Begin PBXVariantGroup section */
		F1C1A9FA2B069621006283E0 /* Main.storyboard */ = {
			isa = PBXVariantGroup;
			children = (
				F1C1A9FB2B069621006283E0 /* Base */,
				F1C1AA2D2B0699E0006283E0 /* pl */,
			);
			name = Main.storyboard;
			sourceTree = "<group>";
		};
		F1C1A9FF2B069622006283E0 /* LaunchScreen.storyboard */ = {
			isa = PBXVariantGroup;
			children = (
				F1C1AA002B069622006283E0 /* Base */,
				F1C1AA2E2B0699E0006283E0 /* pl */,
			);
			name = LaunchScreen.storyboard;
			sourceTree = "<group>";
		};
		F1C1AA2C2B0699D0006283E0 /* Localizable.strings */ = {
			isa = PBXVariantGroup;
			children = (
				F1C1AA2F2B0699E0006283E0 /* pl */,
				F1C1AA322B06C257006283E0 /* en */,
			);
			name = Localizable.strings;
			sourceTree = "<group>";
		};
/* End PBXVariantGroup section */

/* Begin XCBuildConfiguration section */
		F1C1AA1B2B069623006283E0 /* Debug */ = {
			isa = XCBuildConfiguration;
			buildSettings = {
				ALWAYS_SEARCH_USER_PATHS = NO;
				ASSETCATALOG_COMPILER_GENERATE_SWIFT_ASSET_SYMBOL_EXTENSIONS = YES;
				CLANG_ANALYZER_LOCALIZABILITY_NONLOCALIZED = YES;
				CLANG_ANALYZER_NONNULL = YES;
				CLANG_ANALYZER_NUMBER_OBJECT_CONVERSION = YES_AGGRESSIVE;
				CLANG_CXX_LANGUAGE_STANDARD = "gnu++20";
				CLANG_ENABLE_MODULES = YES;
				CLANG_ENABLE_OBJC_ARC = YES;
				CLANG_ENABLE_OBJC_WEAK = YES;
				CLANG_WARN_BLOCK_CAPTURE_AUTORELEASING = YES;
				CLANG_WARN_BOOL_CONVERSION = YES;
				CLANG_WARN_COMMA = YES;
				CLANG_WARN_CONSTANT_CONVERSION = YES;
				CLANG_WARN_DEPRECATED_OBJC_IMPLEMENTATIONS = YES;
				CLANG_WARN_DIRECT_OBJC_ISA_USAGE = YES_ERROR;
				CLANG_WARN_DOCUMENTATION_COMMENTS = YES;
				CLANG_WARN_EMPTY_BODY = YES;
				CLANG_WARN_ENUM_CONVERSION = YES;
				CLANG_WARN_INFINITE_RECURSION = YES;
				CLANG_WARN_INT_CONVERSION = YES;
				CLANG_WARN_NON_LITERAL_NULL_CONVERSION = YES;
				CLANG_WARN_OBJC_IMPLICIT_RETAIN_SELF = YES;
				CLANG_WARN_OBJC_LITERAL_CONVERSION = YES;
				CLANG_WARN_OBJC_ROOT_CLASS = YES_ERROR;
				CLANG_WARN_QUOTED_INCLUDE_IN_FRAMEWORK_HEADER = YES;
				CLANG_WARN_RANGE_LOOP_ANALYSIS = YES;
				CLANG_WARN_STRICT_PROTOTYPES = YES;
				CLANG_WARN_SUSPICIOUS_MOVE = YES;
				CLANG_WARN_UNGUARDED_AVAILABILITY = YES_AGGRESSIVE;
				CLANG_WARN_UNREACHABLE_CODE = YES;
				CLANG_WARN__DUPLICATE_METHOD_MATCH = YES;
				COPY_PHASE_STRIP = NO;
				DEBUG_INFORMATION_FORMAT = dwarf;
				ENABLE_STRICT_OBJC_MSGSEND = YES;
				ENABLE_TESTABILITY = YES;
				ENABLE_USER_SCRIPT_SANDBOXING = YES;
				GCC_C_LANGUAGE_STANDARD = gnu17;
				GCC_DYNAMIC_NO_PIC = NO;
				GCC_NO_COMMON_BLOCKS = YES;
				GCC_OPTIMIZATION_LEVEL = 0;
				GCC_PREPROCESSOR_DEFINITIONS = (
					"DEBUG=1",
					"$(inherited)",
				);
				GCC_WARN_64_TO_32_BIT_CONVERSION = YES;
				GCC_WARN_ABOUT_RETURN_TYPE = YES_ERROR;
				GCC_WARN_UNDECLARED_SELECTOR = YES;
				GCC_WARN_UNINITIALIZED_AUTOS = YES_AGGRESSIVE;
				GCC_WARN_UNUSED_FUNCTION = YES;
				GCC_WARN_UNUSED_VARIABLE = YES;
				IPHONEOS_DEPLOYMENT_TARGET = 17.0;
				LOCALIZATION_PREFERS_STRING_CATALOGS = YES;
				MTL_ENABLE_DEBUG_INFO = INCLUDE_SOURCE;
				MTL_FAST_MATH = YES;
				ONLY_ACTIVE_ARCH = YES;
				SDKROOT = iphoneos;
			};
			name = Debug;
		};
		F1C1AA1C2B069623006283E0 /* Release */ = {
			isa = XCBuildConfiguration;
			buildSettings = {
				ALWAYS_SEARCH_USER_PATHS = NO;
				ASSETCATALOG_COMPILER_GENERATE_SWIFT_ASSET_SYMBOL_EXTENSIONS = YES;
				CLANG_ANALYZER_LOCALIZABILITY_NONLOCALIZED = YES;
				CLANG_ANALYZER_NONNULL = YES;
				CLANG_ANALYZER_NUMBER_OBJECT_CONVERSION = YES_AGGRESSIVE;
				CLANG_CXX_LANGUAGE_STANDARD = "gnu++20";
				CLANG_ENABLE_MODULES = YES;
				CLANG_ENABLE_OBJC_ARC = YES;
				CLANG_ENABLE_OBJC_WEAK = YES;
				CLANG_WARN_BLOCK_CAPTURE_AUTORELEASING = YES;
				CLANG_WARN_BOOL_CONVERSION = YES;
				CLANG_WARN_COMMA = YES;
				CLANG_WARN_CONSTANT_CONVERSION = YES;
				CLANG_WARN_DEPRECATED_OBJC_IMPLEMENTATIONS = YES;
				CLANG_WARN_DIRECT_OBJC_ISA_USAGE = YES_ERROR;
				CLANG_WARN_DOCUMENTATION_COMMENTS = YES;
				CLANG_WARN_EMPTY_BODY = YES;
				CLANG_WARN_ENUM_CONVERSION = YES;
				CLANG_WARN_INFINITE_RECURSION = YES;
				CLANG_WARN_INT_CONVERSION = YES;
				CLANG_WARN_NON_LITERAL_NULL_CONVERSION = YES;
				CLANG_WARN_OBJC_IMPLICIT_RETAIN_SELF = YES;
				CLANG_WARN_OBJC_LITERAL_CONVERSION = YES;
				CLANG_WARN_OBJC_ROOT_CLASS = YES_ERROR;
				CLANG_WARN_QUOTED_INCLUDE_IN_FRAMEWORK_HEADER = YES;
				CLANG_WARN_RANGE_LOOP_ANALYSIS = YES;
				CLANG_WARN_STRICT_PROTOTYPES = YES;
				CLANG_WARN_SUSPICIOUS_MOVE = YES;
				CLANG_WARN_UNGUARDED_AVAILABILITY = YES_AGGRESSIVE;
				CLANG_WARN_UNREACHABLE_CODE = YES;
				CLANG_WARN__DUPLICATE_METHOD_MATCH = YES;
				COPY_PHASE_STRIP = NO;
				DEBUG_INFORMATION_FORMAT = "dwarf-with-dsym";
				ENABLE_NS_ASSERTIONS = NO;
				ENABLE_STRICT_OBJC_MSGSEND = YES;
				ENABLE_USER_SCRIPT_SANDBOXING = YES;
				GCC_C_LANGUAGE_STANDARD = gnu17;
				GCC_NO_COMMON_BLOCKS = YES;
				GCC_WARN_64_TO_32_BIT_CONVERSION = YES;
				GCC_WARN_ABOUT_RETURN_TYPE = YES_ERROR;
				GCC_WARN_UNDECLARED_SELECTOR = YES;
				GCC_WARN_UNINITIALIZED_AUTOS = YES_AGGRESSIVE;
				GCC_WARN_UNUSED_FUNCTION = YES;
				GCC_WARN_UNUSED_VARIABLE = YES;
				IPHONEOS_DEPLOYMENT_TARGET = 17.0;
				LOCALIZATION_PREFERS_STRING_CATALOGS = YES;
				MTL_ENABLE_DEBUG_INFO = NO;
				MTL_FAST_MATH = YES;
				SDKROOT = iphoneos;
				VALIDATE_PRODUCT = YES;
			};
			name = Release;
		};
		F1C1AA1E2B069623006283E0 /* Debug */ = {
			isa = XCBuildConfiguration;
			buildSettings = {
				ASSETCATALOG_COMPILER_APPICON_NAME = AppIcon;
				ASSETCATALOG_COMPILER_GLOBAL_ACCENT_COLOR_NAME = AccentColor;
				CODE_SIGN_STYLE = Automatic;
				CURRENT_PROJECT_VERSION = 1;
				DEVELOPMENT_TEAM = 2AC7P22WCQ;
				GENERATE_INFOPLIST_FILE = YES;
				INFOPLIST_FILE = smobilne6/Info.plist;
				INFOPLIST_KEY_UIApplicationSupportsIndirectInputEvents = YES;
				INFOPLIST_KEY_UILaunchStoryboardName = LaunchScreen;
				INFOPLIST_KEY_UIMainStoryboardFile = Main;
				INFOPLIST_KEY_UISupportedInterfaceOrientations_iPad = "UIInterfaceOrientationPortrait UIInterfaceOrientationPortraitUpsideDown UIInterfaceOrientationLandscapeLeft UIInterfaceOrientationLandscapeRight";
				INFOPLIST_KEY_UISupportedInterfaceOrientations_iPhone = "UIInterfaceOrientationPortrait UIInterfaceOrientationLandscapeLeft UIInterfaceOrientationLandscapeRight";
				LD_RUNPATH_SEARCH_PATHS = (
					"$(inherited)",
					"@executable_path/Frameworks",
				);
				MARKETING_VERSION = 1.0;
				PRODUCT_BUNDLE_IDENTIFIER = com.company.smobilne6;
				PRODUCT_NAME = "$(TARGET_NAME)";
				SWIFT_EMIT_LOC_STRINGS = YES;
				TARGETED_DEVICE_FAMILY = "1,2";
			};
			name = Debug;
		};
		F1C1AA1F2B069623006283E0 /* Release */ = {
			isa = XCBuildConfiguration;
			buildSettings = {
				ASSETCATALOG_COMPILER_APPICON_NAME = AppIcon;
				ASSETCATALOG_COMPILER_GLOBAL_ACCENT_COLOR_NAME = AccentColor;
				CODE_SIGN_STYLE = Automatic;
				CURRENT_PROJECT_VERSION = 1;
				DEVELOPMENT_TEAM = 2AC7P22WCQ;
				GENERATE_INFOPLIST_FILE = YES;
				INFOPLIST_FILE = smobilne6/Info.plist;
				INFOPLIST_KEY_UIApplicationSupportsIndirectInputEvents = YES;
				INFOPLIST_KEY_UILaunchStoryboardName = LaunchScreen;
				INFOPLIST_KEY_UIMainStoryboardFile = Main;
				INFOPLIST_KEY_UISupportedInterfaceOrientations_iPad = "UIInterfaceOrientationPortrait UIInterfaceOrientationPortraitUpsideDown UIInterfaceOrientationLandscapeLeft UIInterfaceOrientationLandscapeRight";
				INFOPLIST_KEY_UISupportedInterfaceOrientations_iPhone = "UIInterfaceOrientationPortrait UIInterfaceOrientationLandscapeLeft UIInterfaceOrientationLandscapeRight";
				LD_RUNPATH_SEARCH_PATHS = (
					"$(inherited)",
					"@executable_path/Frameworks",
				);
				MARKETING_VERSION = 1.0;
				PRODUCT_BUNDLE_IDENTIFIER = com.company.smobilne6;
				PRODUCT_NAME = "$(TARGET_NAME)";
				SWIFT_EMIT_LOC_STRINGS = YES;
				TARGETED_DEVICE_FAMILY = "1,2";
			};
			name = Release;
		};
		F1C1AA212B069623006283E0 /* Debug */ = {
			isa = XCBuildConfiguration;
			buildSettings = {
				BUNDLE_LOADER = "$(TEST_HOST)";
				CODE_SIGN_STYLE = Automatic;
				CURRENT_PROJECT_VERSION = 1;
				DEVELOPMENT_TEAM = 2AC7P22WCQ;
				GENERATE_INFOPLIST_FILE = YES;
				IPHONEOS_DEPLOYMENT_TARGET = 17.0;
				MARKETING_VERSION = 1.0;
				PRODUCT_BUNDLE_IDENTIFIER = com.company.smobilne6Tests;
				PRODUCT_NAME = "$(TARGET_NAME)";
				SWIFT_EMIT_LOC_STRINGS = NO;
				TARGETED_DEVICE_FAMILY = "1,2";
				TEST_HOST = "$(BUILT_PRODUCTS_DIR)/smobilne6.app/$(BUNDLE_EXECUTABLE_FOLDER_PATH)/smobilne6";
			};
			name = Debug;
		};
		F1C1AA222B069623006283E0 /* Release */ = {
			isa = XCBuildConfiguration;
			buildSettings = {
				BUNDLE_LOADER = "$(TEST_HOST)";
				CODE_SIGN_STYLE = Automatic;
				CURRENT_PROJECT_VERSION = 1;
				DEVELOPMENT_TEAM = 2AC7P22WCQ;
				GENERATE_INFOPLIST_FILE = YES;
				IPHONEOS_DEPLOYMENT_TARGET = 17.0;
				MARKETING_VERSION = 1.0;
				PRODUCT_BUNDLE_IDENTIFIER = com.company.smobilne6Tests;
				PRODUCT_NAME = "$(TARGET_NAME)";
				SWIFT_EMIT_LOC_STRINGS = NO;
				TARGETED_DEVICE_FAMILY = "1,2";
				TEST_HOST = "$(BUILT_PRODUCTS_DIR)/smobilne6.app/$(BUNDLE_EXECUTABLE_FOLDER_PATH)/smobilne6";
			};
			name = Release;
		};
		F1C1AA242B069623006283E0 /* Debug */ = {
			isa = XCBuildConfiguration;
			buildSettings = {
				CODE_SIGN_STYLE = Automatic;
				CURRENT_PROJECT_VERSION = 1;
				DEVELOPMENT_TEAM = 2AC7P22WCQ;
				GENERATE_INFOPLIST_FILE = YES;
				MARKETING_VERSION = 1.0;
				PRODUCT_BUNDLE_IDENTIFIER = com.company.smobilne6UITests;
				PRODUCT_NAME = "$(TARGET_NAME)";
				SWIFT_EMIT_LOC_STRINGS = NO;
				TARGETED_DEVICE_FAMILY = "1,2";
				TEST_TARGET_NAME = smobilne6;
			};
			name = Debug;
		};
		F1C1AA252B069623006283E0 /* Release */ = {
			isa = XCBuildConfiguration;
			buildSettings = {
				CODE_SIGN_STYLE = Automatic;
				CURRENT_PROJECT_VERSION = 1;
				DEVELOPMENT_TEAM = 2AC7P22WCQ;
				GENERATE_INFOPLIST_FILE = YES;
				MARKETING_VERSION = 1.0;
				PRODUCT_BUNDLE_IDENTIFIER = com.company.smobilne6UITests;
				PRODUCT_NAME = "$(TARGET_NAME)";
				SWIFT_EMIT_LOC_STRINGS = NO;
				TARGETED_DEVICE_FAMILY = "1,2";
				TEST_TARGET_NAME = smobilne6;
			};
			name = Release;
		};
/* End XCBuildConfiguration section */

/* Begin XCConfigurationList section */
		F1C1A9E92B069621006283E0 /* Build configuration list for PBXProject "smobilne6" */ = {
			isa = XCConfigurationList;
			buildConfigurations = (
				F1C1AA1B2B069623006283E0 /* Debug */,
				F1C1AA1C2B069623006283E0 /* Release */,
			);
			defaultConfigurationIsVisible = 0;
			defaultConfigurationName = Release;
		};
		F1C1AA1D2B069623006283E0 /* Build configuration list for PBXNativeTarget "smobilne6" */ = {
			isa = XCConfigurationList;
			buildConfigurations = (
				F1C1AA1E2B069623006283E0 /* Debug */,
				F1C1AA1F2B069623006283E0 /* Release */,
			);
			defaultConfigurationIsVisible = 0;
			defaultConfigurationName = Release;
		};
		F1C1AA202B069623006283E0 /* Build configuration list for PBXNativeTarget "smobilne6Tests" */ = {
			isa = XCConfigurationList;
			buildConfigurations = (
				F1C1AA212B069623006283E0 /* Debug */,
				F1C1AA222B069623006283E0 /* Release */,
			);
			defaultConfigurationIsVisible = 0;
			defaultConfigurationName = Release;
		};
		F1C1AA232B069623006283E0 /* Build configuration list for PBXNativeTarget "smobilne6UITests" */ = {
			isa = XCConfigurationList;
			buildConfigurations = (
				F1C1AA242B069623006283E0 /* Debug */,
				F1C1AA252B069623006283E0 /* Release */,
			);
			defaultConfigurationIsVisible = 0;
			defaultConfigurationName = Release;
		};
/* End XCConfigurationList section */
	};
	rootObject = F1C1A9E62B069621006283E0 /* Project object */;
}
